
Microsoft Visual Studio Solution File, Format Version 12.00
# Visual Studio 15
VisualStudioVersion = 15.0.28307.102
MinimumVisualStudioVersion = 10.0.40219.1
Project("{6EC3EE1D-3C4E-46DD-8F32-0CC8E7565705}") = "AreaVolumeCalculation", "AreaVolumeCalculation\AreaVolumeCalculation.fsproj", "{E4F89CA5-0619-4BFE-8BD4-75739FEC4B07}"
EndProject
Project("{6EC3EE1D-3C4E-46DD-8F32-0CC8E7565705}") = "BrainfuckInterpreter", "BrainfuckInterpreter\BrainfuckInterpreter.fsproj", "{69D9A648-23AB-45AC-BDBE-B720C23F69C6}"
EndProject
Project("{6EC3EE1D-3C4E-46DD-8F32-0CC8E7565705}") = "CaptainPrime", "CaptainPrime\CaptainPrime.fsproj", "{7B449029-21C1-4DED-8C1A-CDD6D8CCB8FC}"
EndProject
Project("{6EC3EE1D-3C4E-46DD-8F32-0CC8E7565705}") = "ColorsSequence", "ColorsSequence\ColorsSequence.fsproj", "{5A969B8C-11B9-4547-B6DA-D870BF0CA11F}"
EndProject
Project("{6EC3EE1D-3C4E-46DD-8F32-0CC8E7565705}") = "ComputingFibonacci", "ComputingFibonacci\ComputingFibonacci.fsproj", "{F254929C-84DC-4FB9-ACD6-1735140A57FA}"
EndProject
Project("{6EC3EE1D-3C4E-46DD-8F32-0CC8E7565705}") = "ComputingGCD", "ComputingGCD\ComputingGCD.fsproj", "{029B9CD0-2EAF-4BD8-8C2F-87F3FBA1CE94}"
EndProject
Project("{6EC3EE1D-3C4E-46DD-8F32-0CC8E7565705}") = "EvaluatingExp", "EvaluatingExp\EvaluatingExp.fsproj", "{1E3C60FB-5E30-4284-B466-640661513F23}"
EndProject
Project("{6EC3EE1D-3C4E-46DD-8F32-0CC8E7565705}") = "FilterArray", "FilterArray\FilterArray.fsproj", "{EF8508F5-5321-4A28-9473-872F225CC3FA}"
EndProject
Project("{6EC3EE1D-3C4E-46DD-8F32-0CC8E7565705}") = "FilterElements", "FilterElements\FilterElements.fsproj", "{3E439AB1-B8CD-4D57-9F93-F42929B62E69}"
EndProject
Project("{6EC3EE1D-3C4E-46DD-8F32-0CC8E7565705}") = "FilterListByPosition", "FilterListByPosition\FilterListByPosition.fsproj", "{95E4ED3D-B802-42B5-BA64-C421D346A133}"
EndProject
Project("{6EC3EE1D-3C4E-46DD-8F32-0CC8E7565705}") = "FunctionsOrNot", "FunctionsOrNot\FunctionsOrNot.fsproj", "{3CAF30CF-0990-4FA1-B7A8-E26EAC0009D5}"
EndProject
Project("{6EC3EE1D-3C4E-46DD-8F32-0CC8E7565705}") = "ListReplication", "ListReplication\ListReplication.fsproj", "{6E54DA5B-201D-4ACB-9F30-7D7CF8F9AEBF}"
EndProject
Project("{6EC3EE1D-3C4E-46DD-8F32-0CC8E7565705}") = "MatrixRotation", "MatrixRotation\MatrixRotation.fsproj", "{3812B13F-A374-414E-8B61-152422FC0DB6}"
EndProject
Project("{6EC3EE1D-3C4E-46DD-8F32-0CC8E7565705}") = "MissingNumbers", "MissingNumbers\MissingNumbers.fsproj", "{2DBFD4B2-E7A1-45AB-A530-B655BA1351B5}"
EndProject
Project("{6EC3EE1D-3C4E-46DD-8F32-0CC8E7565705}") = "PascalTriangle", "PascalTriangle\PascalTriangle.fsproj", "{C3485A8C-B771-4532-9EF4-65FCC60F6AAA}"
EndProject
Project("{6EC3EE1D-3C4E-46DD-8F32-0CC8E7565705}") = "PolygonAreaCalculation", "PolygonAreaCalculation\PolygonAreaCalculation.fsproj", "{0BA931AD-9CF6-4083-B6D2-1AC7B3E4B40D}"
EndProject
Project("{6EC3EE1D-3C4E-46DD-8F32-0CC8E7565705}") = "PolygonPerimeterCalculation", "PolygonPerimeterCalculation\PolygonPerimeterCalculation.fsproj", "{4AE5C300-AA08-4275-B146-242FC3DBF25A}"
EndProject
Project("{6EC3EE1D-3C4E-46DD-8F32-0CC8E7565705}") = "PrefixCompression", "PrefixCompression\PrefixCompression.fsproj", "{D4C48138-A4B7-4F59-B269-9C18DC987BB2}"
EndProject
Project("{6EC3EE1D-3C4E-46DD-8F32-0CC8E7565705}") = "RecursiveTrees", "RecursiveTrees\RecursiveTrees.fsproj", "{E668E815-4BBC-491C-866A-D5B0FE1A2F29}"
EndProject
Project("{9A19103F-16F7-4668-BE54-9A1E7A4F7556}") = "RecursiveTreesCS", "RecursiveTreesCS\RecursiveTreesCS.csproj", "{E940B170-1B0A-4C79-96CE-7593BE6FE924}"
EndProject
Project("{6EC3EE1D-3C4E-46DD-8F32-0CC8E7565705}") = "RemoveDuplicates", "RemoveDuplicates\RemoveDuplicates.fsproj", "{0DF4CB2B-1644-4830-ADBD-AEFE43324EF6}"
EndProject
Project("{6EC3EE1D-3C4E-46DD-8F32-0CC8E7565705}") = "RotateString", "RotateString\RotateString.fsproj", "{8ED5E59E-E82F-4134-AA3B-04A4FF01796C}"
EndProject
Project("{6EC3EE1D-3C4E-46DD-8F32-0CC8E7565705}") = "SierpinskiTriangles", "SierpinskiTriangles\SierpinskiTriangles.fsproj", "{5498D496-6551-45DC-8B66-F2676849D1F8}"
EndProject
Project("{6EC3EE1D-3C4E-46DD-8F32-0CC8E7565705}") = "StringCompression", "StringCompression\StringCompression.fsproj", "{83CC044E-E2EB-4C5B-85E2-2826C56C85D1}"
EndProject
Project("{6EC3EE1D-3C4E-46DD-8F32-0CC8E7565705}") = "StringMingling", "StringMingling\StringMingling.fsproj", "{FBCC323A-2C7B-41E5-913C-AE508D34B809}"
EndProject
Project("{6EC3EE1D-3C4E-46DD-8F32-0CC8E7565705}") = "StringPermute", "StringPermute\StringPermute.fsproj", "{18C2D018-0AC4-48A0-9D34-215C9C3E9C9E}"
EndProject
Project("{6EC3EE1D-3C4E-46DD-8F32-0CC8E7565705}") = "StringReductions", "StringReductions\StringReductions.fsproj", "{DA6B8B8D-53B8-4BF1-BAF4-D5C5370FAAAB}"
EndProject
Project("{6EC3EE1D-3C4E-46DD-8F32-0CC8E7565705}") = "SuperDigit", "SuperDigit\SuperDigit.fsproj", "{7AD7C29A-474F-4327-BE84-A511877521CE}"
EndProject
Project("{6EC3EE1D-3C4E-46DD-8F32-0CC8E7565705}") = "TreeManager", "TreeManager\TreeManager.fsproj", "{C70725D5-434E-408C-98F6-8B5063A78763}"
EndProject
Project("{6EC3EE1D-3C4E-46DD-8F32-0CC8E7565705}") = "FunctionalProgramming.FSharp", "FunctionalProgramming.FSharp\FunctionalProgramming.FSharp.fsproj", "{3330042D-CE7E-4E05-93A5-D4B9E0C902FD}"
EndProject
Project("{FAE04EC0-301F-11D3-BF4B-00C04F79EFBC}") = "FunctionalProgramming.CSharp", "FunctionalProgramming.CSharp\FunctionalProgramming.CSharp.csproj", "{C14BFC92-F67A-48A9-BB25-EBBCF7A3F36E}"
EndProject
Project("{FAE04EC0-301F-11D3-BF4B-00C04F79EFBC}") = "FunctionalProgramming.Common", "FunctionalProgramming.Common\FunctionalProgramming.Common.csproj", "{6D62349C-E114-4C4C-9454-3C100FB18EA4}"
EndProject
Global
	GlobalSection(SolutionConfigurationPlatforms) = preSolution
		Debug|Any CPU = Debug|Any CPU
		Release|Any CPU = Release|Any CPU
	EndGlobalSection
	GlobalSection(ProjectConfigurationPlatforms) = postSolution
		{E4F89CA5-0619-4BFE-8BD4-75739FEC4B07}.Debug|Any CPU.ActiveCfg = Debug|Any CPU
		{E4F89CA5-0619-4BFE-8BD4-75739FEC4B07}.Debug|Any CPU.Build.0 = Debug|Any CPU
		{E4F89CA5-0619-4BFE-8BD4-75739FEC4B07}.Release|Any CPU.ActiveCfg = Release|Any CPU
		{E4F89CA5-0619-4BFE-8BD4-75739FEC4B07}.Release|Any CPU.Build.0 = Release|Any CPU
		{69D9A648-23AB-45AC-BDBE-B720C23F69C6}.Debug|Any CPU.ActiveCfg = Debug|Any CPU
		{69D9A648-23AB-45AC-BDBE-B720C23F69C6}.Debug|Any CPU.Build.0 = Debug|Any CPU
		{69D9A648-23AB-45AC-BDBE-B720C23F69C6}.Release|Any CPU.ActiveCfg = Release|Any CPU
		{69D9A648-23AB-45AC-BDBE-B720C23F69C6}.Release|Any CPU.Build.0 = Release|Any CPU
		{7B449029-21C1-4DED-8C1A-CDD6D8CCB8FC}.Debug|Any CPU.ActiveCfg = Debug|Any CPU
		{7B449029-21C1-4DED-8C1A-CDD6D8CCB8FC}.Debug|Any CPU.Build.0 = Debug|Any CPU
		{7B449029-21C1-4DED-8C1A-CDD6D8CCB8FC}.Release|Any CPU.ActiveCfg = Release|Any CPU
		{7B449029-21C1-4DED-8C1A-CDD6D8CCB8FC}.Release|Any CPU.Build.0 = Release|Any CPU
		{5A969B8C-11B9-4547-B6DA-D870BF0CA11F}.Debug|Any CPU.ActiveCfg = Debug|Any CPU
		{5A969B8C-11B9-4547-B6DA-D870BF0CA11F}.Debug|Any CPU.Build.0 = Debug|Any CPU
		{5A969B8C-11B9-4547-B6DA-D870BF0CA11F}.Release|Any CPU.ActiveCfg = Release|Any CPU
		{5A969B8C-11B9-4547-B6DA-D870BF0CA11F}.Release|Any CPU.Build.0 = Release|Any CPU
		{F254929C-84DC-4FB9-ACD6-1735140A57FA}.Debug|Any CPU.ActiveCfg = Debug|Any CPU
		{F254929C-84DC-4FB9-ACD6-1735140A57FA}.Debug|Any CPU.Build.0 = Debug|Any CPU
		{F254929C-84DC-4FB9-ACD6-1735140A57FA}.Release|Any CPU.ActiveCfg = Release|Any CPU
		{F254929C-84DC-4FB9-ACD6-1735140A57FA}.Release|Any CPU.Build.0 = Release|Any CPU
		{029B9CD0-2EAF-4BD8-8C2F-87F3FBA1CE94}.Debug|Any CPU.ActiveCfg = Debug|Any CPU
		{029B9CD0-2EAF-4BD8-8C2F-87F3FBA1CE94}.Debug|Any CPU.Build.0 = Debug|Any CPU
		{029B9CD0-2EAF-4BD8-8C2F-87F3FBA1CE94}.Release|Any CPU.ActiveCfg = Release|Any CPU
		{029B9CD0-2EAF-4BD8-8C2F-87F3FBA1CE94}.Release|Any CPU.Build.0 = Release|Any CPU
		{1E3C60FB-5E30-4284-B466-640661513F23}.Debug|Any CPU.ActiveCfg = Debug|Any CPU
		{1E3C60FB-5E30-4284-B466-640661513F23}.Debug|Any CPU.Build.0 = Debug|Any CPU
		{1E3C60FB-5E30-4284-B466-640661513F23}.Release|Any CPU.ActiveCfg = Release|Any CPU
		{1E3C60FB-5E30-4284-B466-640661513F23}.Release|Any CPU.Build.0 = Release|Any CPU
		{EF8508F5-5321-4A28-9473-872F225CC3FA}.Debug|Any CPU.ActiveCfg = Debug|Any CPU
		{EF8508F5-5321-4A28-9473-872F225CC3FA}.Debug|Any CPU.Build.0 = Debug|Any CPU
		{EF8508F5-5321-4A28-9473-872F225CC3FA}.Release|Any CPU.ActiveCfg = Release|Any CPU
		{EF8508F5-5321-4A28-9473-872F225CC3FA}.Release|Any CPU.Build.0 = Release|Any CPU
		{3E439AB1-B8CD-4D57-9F93-F42929B62E69}.Debug|Any CPU.ActiveCfg = Debug|Any CPU
		{3E439AB1-B8CD-4D57-9F93-F42929B62E69}.Debug|Any CPU.Build.0 = Debug|Any CPU
		{3E439AB1-B8CD-4D57-9F93-F42929B62E69}.Release|Any CPU.ActiveCfg = Release|Any CPU
		{3E439AB1-B8CD-4D57-9F93-F42929B62E69}.Release|Any CPU.Build.0 = Release|Any CPU
		{95E4ED3D-B802-42B5-BA64-C421D346A133}.Debug|Any CPU.ActiveCfg = Debug|Any CPU
		{95E4ED3D-B802-42B5-BA64-C421D346A133}.Debug|Any CPU.Build.0 = Debug|Any CPU
		{95E4ED3D-B802-42B5-BA64-C421D346A133}.Release|Any CPU.ActiveCfg = Release|Any CPU
		{95E4ED3D-B802-42B5-BA64-C421D346A133}.Release|Any CPU.Build.0 = Release|Any CPU
		{3CAF30CF-0990-4FA1-B7A8-E26EAC0009D5}.Debug|Any CPU.ActiveCfg = Debug|Any CPU
		{3CAF30CF-0990-4FA1-B7A8-E26EAC0009D5}.Debug|Any CPU.Build.0 = Debug|Any CPU
		{3CAF30CF-0990-4FA1-B7A8-E26EAC0009D5}.Release|Any CPU.ActiveCfg = Release|Any CPU
		{3CAF30CF-0990-4FA1-B7A8-E26EAC0009D5}.Release|Any CPU.Build.0 = Release|Any CPU
		{6E54DA5B-201D-4ACB-9F30-7D7CF8F9AEBF}.Debug|Any CPU.ActiveCfg = Debug|Any CPU
		{6E54DA5B-201D-4ACB-9F30-7D7CF8F9AEBF}.Debug|Any CPU.Build.0 = Debug|Any CPU
		{6E54DA5B-201D-4ACB-9F30-7D7CF8F9AEBF}.Release|Any CPU.ActiveCfg = Release|Any CPU
		{6E54DA5B-201D-4ACB-9F30-7D7CF8F9AEBF}.Release|Any CPU.Build.0 = Release|Any CPU
		{3812B13F-A374-414E-8B61-152422FC0DB6}.Debug|Any CPU.ActiveCfg = Debug|Any CPU
		{3812B13F-A374-414E-8B61-152422FC0DB6}.Debug|Any CPU.Build.0 = Debug|Any CPU
		{3812B13F-A374-414E-8B61-152422FC0DB6}.Release|Any CPU.ActiveCfg = Release|Any CPU
		{3812B13F-A374-414E-8B61-152422FC0DB6}.Release|Any CPU.Build.0 = Release|Any CPU
		{2DBFD4B2-E7A1-45AB-A530-B655BA1351B5}.Debug|Any CPU.ActiveCfg = Debug|Any CPU
		{2DBFD4B2-E7A1-45AB-A530-B655BA1351B5}.Debug|Any CPU.Build.0 = Debug|Any CPU
		{2DBFD4B2-E7A1-45AB-A530-B655BA1351B5}.Release|Any CPU.ActiveCfg = Release|Any CPU
		{2DBFD4B2-E7A1-45AB-A530-B655BA1351B5}.Release|Any CPU.Build.0 = Release|Any CPU
		{C3485A8C-B771-4532-9EF4-65FCC60F6AAA}.Debug|Any CPU.ActiveCfg = Debug|Any CPU
		{C3485A8C-B771-4532-9EF4-65FCC60F6AAA}.Debug|Any CPU.Build.0 = Debug|Any CPU
		{C3485A8C-B771-4532-9EF4-65FCC60F6AAA}.Release|Any CPU.ActiveCfg = Release|Any CPU
		{C3485A8C-B771-4532-9EF4-65FCC60F6AAA}.Release|Any CPU.Build.0 = Release|Any CPU
		{0BA931AD-9CF6-4083-B6D2-1AC7B3E4B40D}.Debug|Any CPU.ActiveCfg = Debug|Any CPU
		{0BA931AD-9CF6-4083-B6D2-1AC7B3E4B40D}.Debug|Any CPU.Build.0 = Debug|Any CPU
		{0BA931AD-9CF6-4083-B6D2-1AC7B3E4B40D}.Release|Any CPU.ActiveCfg = Release|Any CPU
		{0BA931AD-9CF6-4083-B6D2-1AC7B3E4B40D}.Release|Any CPU.Build.0 = Release|Any CPU
		{4AE5C300-AA08-4275-B146-242FC3DBF25A}.Debug|Any CPU.ActiveCfg = Debug|Any CPU
		{4AE5C300-AA08-4275-B146-242FC3DBF25A}.Debug|Any CPU.Build.0 = Debug|Any CPU
		{4AE5C300-AA08-4275-B146-242FC3DBF25A}.Release|Any CPU.ActiveCfg = Release|Any CPU
		{4AE5C300-AA08-4275-B146-242FC3DBF25A}.Release|Any CPU.Build.0 = Release|Any CPU
		{D4C48138-A4B7-4F59-B269-9C18DC987BB2}.Debug|Any CPU.ActiveCfg = Debug|Any CPU
		{D4C48138-A4B7-4F59-B269-9C18DC987BB2}.Debug|Any CPU.Build.0 = Debug|Any CPU
		{D4C48138-A4B7-4F59-B269-9C18DC987BB2}.Release|Any CPU.ActiveCfg = Release|Any CPU
		{D4C48138-A4B7-4F59-B269-9C18DC987BB2}.Release|Any CPU.Build.0 = Release|Any CPU
		{E668E815-4BBC-491C-866A-D5B0FE1A2F29}.Debug|Any CPU.ActiveCfg = Debug|Any CPU
		{E668E815-4BBC-491C-866A-D5B0FE1A2F29}.Debug|Any CPU.Build.0 = Debug|Any CPU
		{E668E815-4BBC-491C-866A-D5B0FE1A2F29}.Release|Any CPU.ActiveCfg = Release|Any CPU
		{E668E815-4BBC-491C-866A-D5B0FE1A2F29}.Release|Any CPU.Build.0 = Release|Any CPU
		{E940B170-1B0A-4C79-96CE-7593BE6FE924}.Debug|Any CPU.ActiveCfg = Debug|Any CPU
		{E940B170-1B0A-4C79-96CE-7593BE6FE924}.Debug|Any CPU.Build.0 = Debug|Any CPU
		{E940B170-1B0A-4C79-96CE-7593BE6FE924}.Release|Any CPU.ActiveCfg = Release|Any CPU
		{E940B170-1B0A-4C79-96CE-7593BE6FE924}.Release|Any CPU.Build.0 = Release|Any CPU
		{0DF4CB2B-1644-4830-ADBD-AEFE43324EF6}.Debug|Any CPU.ActiveCfg = Debug|Any CPU
		{0DF4CB2B-1644-4830-ADBD-AEFE43324EF6}.Debug|Any CPU.Build.0 = Debug|Any CPU
		{0DF4CB2B-1644-4830-ADBD-AEFE43324EF6}.Release|Any CPU.ActiveCfg = Release|Any CPU
		{0DF4CB2B-1644-4830-ADBD-AEFE43324EF6}.Release|Any CPU.Build.0 = Release|Any CPU
		{8ED5E59E-E82F-4134-AA3B-04A4FF01796C}.Debug|Any CPU.ActiveCfg = Debug|Any CPU
		{8ED5E59E-E82F-4134-AA3B-04A4FF01796C}.Debug|Any CPU.Build.0 = Debug|Any CPU
		{8ED5E59E-E82F-4134-AA3B-04A4FF01796C}.Release|Any CPU.ActiveCfg = Release|Any CPU
		{8ED5E59E-E82F-4134-AA3B-04A4FF01796C}.Release|Any CPU.Build.0 = Release|Any CPU
		{5498D496-6551-45DC-8B66-F2676849D1F8}.Debug|Any CPU.ActiveCfg = Debug|Any CPU
		{5498D496-6551-45DC-8B66-F2676849D1F8}.Debug|Any CPU.Build.0 = Debug|Any CPU
		{5498D496-6551-45DC-8B66-F2676849D1F8}.Release|Any CPU.ActiveCfg = Release|Any CPU
		{5498D496-6551-45DC-8B66-F2676849D1F8}.Release|Any CPU.Build.0 = Release|Any CPU
		{83CC044E-E2EB-4C5B-85E2-2826C56C85D1}.Debug|Any CPU.ActiveCfg = Debug|Any CPU
		{83CC044E-E2EB-4C5B-85E2-2826C56C85D1}.Debug|Any CPU.Build.0 = Debug|Any CPU
		{83CC044E-E2EB-4C5B-85E2-2826C56C85D1}.Release|Any CPU.ActiveCfg = Release|Any CPU
		{83CC044E-E2EB-4C5B-85E2-2826C56C85D1}.Release|Any CPU.Build.0 = Release|Any CPU
		{FBCC323A-2C7B-41E5-913C-AE508D34B809}.Debug|Any CPU.ActiveCfg = Debug|Any CPU
		{FBCC323A-2C7B-41E5-913C-AE508D34B809}.Debug|Any CPU.Build.0 = Debug|Any CPU
		{FBCC323A-2C7B-41E5-913C-AE508D34B809}.Release|Any CPU.ActiveCfg = Release|Any CPU
		{FBCC323A-2C7B-41E5-913C-AE508D34B809}.Release|Any CPU.Build.0 = Release|Any CPU
		{18C2D018-0AC4-48A0-9D34-215C9C3E9C9E}.Debug|Any CPU.ActiveCfg = Debug|Any CPU
		{18C2D018-0AC4-48A0-9D34-215C9C3E9C9E}.Debug|Any CPU.Build.0 = Debug|Any CPU
		{18C2D018-0AC4-48A0-9D34-215C9C3E9C9E}.Release|Any CPU.ActiveCfg = Release|Any CPU
		{18C2D018-0AC4-48A0-9D34-215C9C3E9C9E}.Release|Any CPU.Build.0 = Release|Any CPU
		{DA6B8B8D-53B8-4BF1-BAF4-D5C5370FAAAB}.Debug|Any CPU.ActiveCfg = Debug|Any CPU
		{DA6B8B8D-53B8-4BF1-BAF4-D5C5370FAAAB}.Debug|Any CPU.Build.0 = Debug|Any CPU
		{DA6B8B8D-53B8-4BF1-BAF4-D5C5370FAAAB}.Release|Any CPU.ActiveCfg = Release|Any CPU
		{DA6B8B8D-53B8-4BF1-BAF4-D5C5370FAAAB}.Release|Any CPU.Build.0 = Release|Any CPU
		{7AD7C29A-474F-4327-BE84-A511877521CE}.Debug|Any CPU.ActiveCfg = Debug|Any CPU
		{7AD7C29A-474F-4327-BE84-A511877521CE}.Debug|Any CPU.Build.0 = Debug|Any CPU
		{7AD7C29A-474F-4327-BE84-A511877521CE}.Release|Any CPU.ActiveCfg = Release|Any CPU
		{7AD7C29A-474F-4327-BE84-A511877521CE}.Release|Any CPU.Build.0 = Release|Any CPU
		{C70725D5-434E-408C-98F6-8B5063A78763}.Debug|Any CPU.ActiveCfg = Debug|Any CPU
		{C70725D5-434E-408C-98F6-8B5063A78763}.Debug|Any CPU.Build.0 = Debug|Any CPU
		{C70725D5-434E-408C-98F6-8B5063A78763}.Release|Any CPU.ActiveCfg = Release|Any CPU
		{C70725D5-434E-408C-98F6-8B5063A78763}.Release|Any CPU.Build.0 = Release|Any CPU
		{3330042D-CE7E-4E05-93A5-D4B9E0C902FD}.Debug|Any CPU.ActiveCfg = Debug|Any CPU
		{3330042D-CE7E-4E05-93A5-D4B9E0C902FD}.Debug|Any CPU.Build.0 = Debug|Any CPU
		{3330042D-CE7E-4E05-93A5-D4B9E0C902FD}.Release|Any CPU.ActiveCfg = Release|Any CPU
		{3330042D-CE7E-4E05-93A5-D4B9E0C902FD}.Release|Any CPU.Build.0 = Release|Any CPU
		{C14BFC92-F67A-48A9-BB25-EBBCF7A3F36E}.Debug|Any CPU.ActiveCfg = Debug|Any CPU
		{C14BFC92-F67A-48A9-BB25-EBBCF7A3F36E}.Debug|Any CPU.Build.0 = Debug|Any CPU
		{C14BFC92-F67A-48A9-BB25-EBBCF7A3F36E}.Release|Any CPU.ActiveCfg = Release|Any CPU
		{C14BFC92-F67A-48A9-BB25-EBBCF7A3F36E}.Release|Any CPU.Build.0 = Release|Any CPU
		{6D62349C-E114-4C4C-9454-3C100FB18EA4}.Debug|Any CPU.ActiveCfg = Debug|Any CPU
		{6D62349C-E114-4C4C-9454-3C100FB18EA4}.Debug|Any CPU.Build.0 = Debug|Any CPU
		{6D62349C-E114-4C4C-9454-3C100FB18EA4}.Release|Any CPU.ActiveCfg = Release|Any CPU
		{6D62349C-E114-4C4C-9454-3C100FB18EA4}.Release|Any CPU.Build.0 = Release|Any CPU
	EndGlobalSection
	GlobalSection(SolutionProperties) = preSolution
		HideSolutionNode = FALSE
	EndGlobalSection
	GlobalSection(ExtensibilityGlobals) = postSolution
		SolutionGuid = {EE289C1A-B298-4776-8CBF-AD7A0C26133F}
	EndGlobalSection
EndGlobal
